
Microsoft Visual Studio Solution File, Format Version 12.00
# Visual Studio Version 17
VisualStudioVersion = 17.5.33502.453
MinimumVisualStudioVersion = 10.0.40219.1
Project("{9A19103F-16F7-4668-BE54-9A1E7A4F7556}") = "StrategyApp", "StrategyApp\StrategyApp.csproj", "{C478C347-7272-4296-9B81-2D2039908274}"
EndProject
Project("{2150E333-8FDC-42A3-9474-1A3956D46DE8}") = "Strategy", "Strategy", "{ECBBBA01-E03A-4822-AB89-DD320729C0AE}"
EndProject
Project("{2150E333-8FDC-42A3-9474-1A3956D46DE8}") = "Observer", "Observer", "{B85E72C6-419D-41BA-B776-9C532143B550}"
EndProject
Project("{FAE04EC0-301F-11D3-BF4B-00C04F79EFBC}") = "ObserverApp", "ObserverApp\ObserverApp.csproj", "{71A37B8F-0EAF-4435-8724-D433F1B94CF6}"
EndProject
Global
	GlobalSection(SolutionConfigurationPlatforms) = preSolution
		Debug|Any CPU = Debug|Any CPU
		Release|Any CPU = Release|Any CPU
	EndGlobalSection
	GlobalSection(ProjectConfigurationPlatforms) = postSolution
		{C478C347-7272-4296-9B81-2D2039908274}.Debug|Any CPU.ActiveCfg = Debug|Any CPU
		{C478C347-7272-4296-9B81-2D2039908274}.Debug|Any CPU.Build.0 = Debug|Any CPU
		{C478C347-7272-4296-9B81-2D2039908274}.Release|Any CPU.ActiveCfg = Release|Any CPU
		{C478C347-7272-4296-9B81-2D2039908274}.Release|Any CPU.Build.0 = Release|Any CPU
		{71A37B8F-0EAF-4435-8724-D433F1B94CF6}.Debug|Any CPU.ActiveCfg = Debug|Any CPU
		{71A37B8F-0EAF-4435-8724-D433F1B94CF6}.Debug|Any CPU.Build.0 = Debug|Any CPU
		{71A37B8F-0EAF-4435-8724-D433F1B94CF6}.Release|Any CPU.ActiveCfg = Release|Any CPU
		{71A37B8F-0EAF-4435-8724-D433F1B94CF6}.Release|Any CPU.Build.0 = Release|Any CPU
	EndGlobalSection
	GlobalSection(SolutionProperties) = preSolution
		HideSolutionNode = FALSE
	EndGlobalSection
	GlobalSection(NestedProjects) = preSolution
		{C478C347-7272-4296-9B81-2D2039908274} = {ECBBBA01-E03A-4822-AB89-DD320729C0AE}
		{71A37B8F-0EAF-4435-8724-D433F1B94CF6} = {B85E72C6-419D-41BA-B776-9C532143B550}
	EndGlobalSection
	GlobalSection(ExtensibilityGlobals) = postSolution
		SolutionGuid = {48A4FD73-8FBC-4712-B7D9-7723F03D3804}
	EndGlobalSection
EndGlobal
